
Microsoft Visual Studio Solution File, Format Version 12.00
# Visual Studio Version 17
VisualStudioVersion = 17.9.34607.119
MinimumVisualStudioVersion = 10.0.40219.1
Project("{FAE04EC0-301F-11D3-BF4B-00C04F79EFBC}") = "27. Collection", "27. Collection\27. Collection.csproj", "{89067A1A-979F-4863-90DB-71EA159E2A92}"
EndProject
Global
	GlobalSection(SolutionConfigurationPlatforms) = preSolution
		Debug|Any CPU = Debug|Any CPU
		Release|Any CPU = Release|Any CPU
	EndGlobalSection
	GlobalSection(ProjectConfigurationPlatforms) = postSolution
		{89067A1A-979F-4863-90DB-71EA159E2A92}.Debug|Any CPU.ActiveCfg = Debug|Any CPU
		{89067A1A-979F-4863-90DB-71EA159E2A92}.Debug|Any CPU.Build.0 = Debug|Any CPU
		{89067A1A-979F-4863-90DB-71EA159E2A92}.Release|Any CPU.ActiveCfg = Release|Any CPU
		{89067A1A-979F-4863-90DB-71EA159E2A92}.Release|Any CPU.Build.0 = Release|Any CPU
	EndGlobalSection
	GlobalSection(SolutionProperties) = preSolution
		HideSolutionNode = FALSE
	EndGlobalSection
	GlobalSection(ExtensibilityGlobals) = postSolution
		SolutionGuid = {1988AD04-2900-485D-A94E-0BDB47F221A9}
	EndGlobalSection
EndGlobal
