
Microsoft Visual Studio Solution File, Format Version 12.00
# Visual Studio Version 17
VisualStudioVersion = 17.9.34701.34
MinimumVisualStudioVersion = 10.0.40219.1
Project("{FAE04EC0-301F-11D3-BF4B-00C04F79EFBC}") = "03. ComboBox", "03. ComboBox\03. ComboBox.csproj", "{01FAE0DB-6EAC-471B-AC33-CF233AAFAC59}"
EndProject
Global
	GlobalSection(SolutionConfigurationPlatforms) = preSolution
		Debug|Any CPU = Debug|Any CPU
		Release|Any CPU = Release|Any CPU
	EndGlobalSection
	GlobalSection(ProjectConfigurationPlatforms) = postSolution
		{01FAE0DB-6EAC-471B-AC33-CF233AAFAC59}.Debug|Any CPU.ActiveCfg = Debug|Any CPU
		{01FAE0DB-6EAC-471B-AC33-CF233AAFAC59}.Debug|Any CPU.Build.0 = Debug|Any CPU
		{01FAE0DB-6EAC-471B-AC33-CF233AAFAC59}.Release|Any CPU.ActiveCfg = Release|Any CPU
		{01FAE0DB-6EAC-471B-AC33-CF233AAFAC59}.Release|Any CPU.Build.0 = Release|Any CPU
	EndGlobalSection
	GlobalSection(SolutionProperties) = preSolution
		HideSolutionNode = FALSE
	EndGlobalSection
	GlobalSection(ExtensibilityGlobals) = postSolution
		SolutionGuid = {96145565-B8DA-4FEB-B8F3-8F50D53BC351}
	EndGlobalSection
EndGlobal
