
Microsoft Visual Studio Solution File, Format Version 12.00
# Visual Studio Version 17
VisualStudioVersion = 17.9.34607.119
MinimumVisualStudioVersion = 10.0.40219.1
Project("{FAE04EC0-301F-11D3-BF4B-00C04F79EFBC}") = "25. Make Graph", "25. Make Graph\25. Make Graph.csproj", "{2A4357E3-845B-4BB2-82BD-06A4B950D2DD}"
EndProject
Global
	GlobalSection(SolutionConfigurationPlatforms) = preSolution
		Debug|Any CPU = Debug|Any CPU
		Release|Any CPU = Release|Any CPU
	EndGlobalSection
	GlobalSection(ProjectConfigurationPlatforms) = postSolution
		{2A4357E3-845B-4BB2-82BD-06A4B950D2DD}.Debug|Any CPU.ActiveCfg = Debug|Any CPU
		{2A4357E3-845B-4BB2-82BD-06A4B950D2DD}.Debug|Any CPU.Build.0 = Debug|Any CPU
		{2A4357E3-845B-4BB2-82BD-06A4B950D2DD}.Release|Any CPU.ActiveCfg = Release|Any CPU
		{2A4357E3-845B-4BB2-82BD-06A4B950D2DD}.Release|Any CPU.Build.0 = Release|Any CPU
	EndGlobalSection
	GlobalSection(SolutionProperties) = preSolution
		HideSolutionNode = FALSE
	EndGlobalSection
	GlobalSection(ExtensibilityGlobals) = postSolution
		SolutionGuid = {1D2D5B38-7346-47B3-85FA-1161F3CE8843}
	EndGlobalSection
EndGlobal
