
Microsoft Visual Studio Solution File, Format Version 12.00
# Visual Studio Version 17
VisualStudioVersion = 17.8.34525.116
MinimumVisualStudioVersion = 10.0.40219.1
Project("{FAE04EC0-301F-11D3-BF4B-00C04F79EFBC}") = "07. Event Handler Reuse", "07. Event Handler Reuse\07. Event Handler Reuse.csproj", "{B6563B6B-E95D-4537-B106-31CD80A62D67}"
EndProject
Global
	GlobalSection(SolutionConfigurationPlatforms) = preSolution
		Debug|Any CPU = Debug|Any CPU
		Release|Any CPU = Release|Any CPU
	EndGlobalSection
	GlobalSection(ProjectConfigurationPlatforms) = postSolution
		{B6563B6B-E95D-4537-B106-31CD80A62D67}.Debug|Any CPU.ActiveCfg = Debug|Any CPU
		{B6563B6B-E95D-4537-B106-31CD80A62D67}.Debug|Any CPU.Build.0 = Debug|Any CPU
		{B6563B6B-E95D-4537-B106-31CD80A62D67}.Release|Any CPU.ActiveCfg = Release|Any CPU
		{B6563B6B-E95D-4537-B106-31CD80A62D67}.Release|Any CPU.Build.0 = Release|Any CPU
	EndGlobalSection
	GlobalSection(SolutionProperties) = preSolution
		HideSolutionNode = FALSE
	EndGlobalSection
	GlobalSection(ExtensibilityGlobals) = postSolution
		SolutionGuid = {B5616198-FB20-4845-A3EA-E0B888D9662F}
	EndGlobalSection
EndGlobal
