
Microsoft Visual Studio Solution File, Format Version 12.00
# Visual Studio Version 17
VisualStudioVersion = 17.9.34701.34
MinimumVisualStudioVersion = 10.0.40219.1
Project("{FAE04EC0-301F-11D3-BF4B-00C04F79EFBC}") = "11. FileHandling", "11. FileHandling\11. FileHandling.csproj", "{09301AD1-D48F-45D0-9316-C41EAC2BBB05}"
EndProject
Global
	GlobalSection(SolutionConfigurationPlatforms) = preSolution
		Debug|Any CPU = Debug|Any CPU
		Release|Any CPU = Release|Any CPU
	EndGlobalSection
	GlobalSection(ProjectConfigurationPlatforms) = postSolution
		{09301AD1-D48F-45D0-9316-C41EAC2BBB05}.Debug|Any CPU.ActiveCfg = Debug|Any CPU
		{09301AD1-D48F-45D0-9316-C41EAC2BBB05}.Debug|Any CPU.Build.0 = Debug|Any CPU
		{09301AD1-D48F-45D0-9316-C41EAC2BBB05}.Release|Any CPU.ActiveCfg = Release|Any CPU
		{09301AD1-D48F-45D0-9316-C41EAC2BBB05}.Release|Any CPU.Build.0 = Release|Any CPU
	EndGlobalSection
	GlobalSection(SolutionProperties) = preSolution
		HideSolutionNode = FALSE
	EndGlobalSection
	GlobalSection(ExtensibilityGlobals) = postSolution
		SolutionGuid = {475139E3-A873-43AE-A103-7B4CAC20CEB1}
	EndGlobalSection
EndGlobal
